// !$*UTF8*$!
{
	archiveVersion = 1;
	classes = {
	};
	objectVersion = 54;
	objects = {

/* Begin PBXBuildFile section */
		00ADE77B26394ABBB315639E /* HijriDateWidget.swift in Sources */ = {isa = PBXBuildFile; fileRef = EAF577ED04374527B3E70D5B /* HijriDateWidget.swift */; };
		02EDEA2891484B16A557C14B /* tasbih.mp3 in Resources */ = {isa = PBXBuildFile; fileRef = 6CF6D61377744B3587274B96 /* tasbih.mp3 */; };
		03DB3876B03248D1BC5D0C20 /* evening_adhkar.mp3 in Resources */ = {isa = PBXBuildFile; fileRef = A78A79DCB46147B792FEA2C6 /* evening_adhkar.mp3 */; };
		112E591C2FA7488C95511DAB /* WidgetKit.framework in Frameworks */ = {isa = PBXBuildFile; fileRef = DC4D29083BD94455BD44558B /* WidgetKit.framework */; };
		116606951055446D891BB388 /* notif_kahf.mp3 in Resources */ = {isa = PBXBuildFile; fileRef = E201D4E541144B0C8FBBDDEA /* notif_kahf.mp3 */; };
		1241BCEEE751456090881DBD /* Assets.xcassets in Resources */ = {isa = PBXBuildFile; fileRef = E2E1CFEF4E044AAF98E98E4A /* Assets.xcassets */; };
		13B07FBF1A68108700A75B9A /* Images.xcassets in Resources */ = {isa = PBXBuildFile; fileRef = 13B07FB51A68108700A75B9A /* Images.xcassets */; };
		1DE91DE60C1B4627B03C7CBA /* DhikrWidget.swift in Sources */ = {isa = PBXBuildFile; fileRef = D612C8E4D04C46089750EF2B /* DhikrWidget.swift */; };
		1F5027510FC74E90A3F745E0 /* makkah.mp3 in Resources */ = {isa = PBXBuildFile; fileRef = AE4B9A36DADB41C3B9DDC7A8 /* makkah.mp3 */; };
		204CD9BFC4064AFB97193496 /* SwiftUI.framework in Frameworks */ = {isa = PBXBuildFile; fileRef = CA4717828B8147478E93F9F4 /* SwiftUI.framework */; };
		22A807FA9F5E4DBFAFFA6CA5 /* notif_after_prayer.mp3 in Resources */ = {isa = PBXBuildFile; fileRef = 4952AE361E8E48C787767037 /* notif_after_prayer.mp3 */; };
		23EC05059A91425EAE5A5C4F /* AppIntents.framework in Frameworks */ = {isa = PBXBuildFile; fileRef = 57A78999B7F5450CB90B4742 /* AppIntents.framework */; settings = {ATTRIBUTES = (Weak, ); }; };
		27DFBDDE00DA46159D8EA377 /* egypt.mp3 in Resources */ = {isa = PBXBuildFile; fileRef = C19751766B74432B9C5D24FB /* egypt.mp3 */; };
		29D105155DD0473884183E9B /* Amiri-Bold.ttf in Resources */ = {isa = PBXBuildFile; fileRef = 7AB1E6228A274D24BBF94123 /* Amiri-Bold.ttf */; };
		2BA76AD237174DB981D82D45 /* RoohAlMuslimWidgets.appex in Copy Files */ = {isa = PBXBuildFile; fileRef = EFD5DFA892E1428ABC75A46B /* RoohAlMuslimWidgets.appex */; };
		3E461D99554A48A4959DE609 /* SplashScreen.storyboard in Resources */ = {isa = PBXBuildFile; fileRef = AA286B85B6C04FC6940260E9 /* SplashScreen.storyboard */; };
		3ED388C0B07F42C4978B2BA0 /* WidgetBundle.swift in Sources */ = {isa = PBXBuildFile; fileRef = 21172CB3A5ED40198285432D /* WidgetBundle.swift */; };
		448F652ECE6F4BEC9D58C750 /* subhanallah.mp3 in Resources */ = {isa = PBXBuildFile; fileRef = C183460850544596ACD4A5B5 /* subhanallah.mp3 */; };
		46933E55C4AA43F98A43962F /* salawat.mp3 in Resources */ = {isa = PBXBuildFile; fileRef = C7B45D701DE74A1C87561BC9 /* salawat.mp3 */; };
		51B9DDE932BA4BFABD2755C8 /* ActivityKit.framework in Frameworks */ = {isa = PBXBuildFile; fileRef = EFBCF3888C1F41689CD57C78 /* ActivityKit.framework */; };
		53C41094FF624E33800D7438 /* AppIntents.swift in Sources */ = {isa = PBXBuildFile; fileRef = EEF6F21C70A94CB4A2414DF2 /* AppIntents.swift */; };
		5CE870AABD094324AF307AAB /* AzkarWidget.swift in Sources */ = {isa = PBXBuildFile; fileRef = E6567D71A1284606B76D861E /* AzkarWidget.swift */; };
		5FB0B9125E9546998EB22AC1 /* alhamdulillah.mp3 in Resources */ = {isa = PBXBuildFile; fileRef = B988DC3D5FA04252826ECAAD /* alhamdulillah.mp3 */; };
		5FEF875B1E0047BB88694384 /* notif_sleep.mp3 in Resources */ = {isa = PBXBuildFile; fileRef = 6A7C787E6A1E4D9A8BB0CF6F /* notif_sleep.mp3 */; };
		6395DFDACCB24C2F8873B798 /* istighfar.mp3 in Resources */ = {isa = PBXBuildFile; fileRef = A65AC4DDBC784677BE7E668A /* istighfar.mp3 */; };
		7A9E765B203D49D88D8BD58D /* PrayerLiveActivity.swift in Sources */ = {isa = PBXBuildFile; fileRef = 0550E57ADD4A4EBC9BE480ED /* PrayerLiveActivity.swift */; };
		7AB0E4D6E459A2943D3CA033 /* PrivacyInfo.xcprivacy in Resources */ = {isa = PBXBuildFile; fileRef = C02CE61A019CEE51EC49E4F6 /* PrivacyInfo.xcprivacy */; };
		7B4E18BBA0390A2B465647E4 /* libPods-rwhalmslm.a in Frameworks */ = {isa = PBXBuildFile; fileRef = B0D7DB0A1E77021488D1006F /* libPods-rwhalmslm.a */; };
		7C55F99F8067470CAFE1AD10 /* haramain.mp3 in Resources */ = {isa = PBXBuildFile; fileRef = 4F244636C4054F5BB8E62434 /* haramain.mp3 */; };
		81410EDB971149E59ED803E9 /* NextPrayerWidget.swift in Sources */ = {isa = PBXBuildFile; fileRef = E3EC3EC08CBA47BA84F6A352 /* NextPrayerWidget.swift */; };
		8DA63C15B20147CCA5C98762 /* SharedActivityAttributes.swift in Sources */ = {isa = PBXBuildFile; fileRef = 4FBC7A8BF9FB432E9D025DFD /* SharedActivityAttributes.swift */; };
		8DDCD09F992F4E169DB62C61 /* alaqsa.mp3 in Resources */ = {isa = PBXBuildFile; fileRef = 7D29408E43F44911AADDDF91 /* alaqsa.mp3 */; };
		93BB643365FC406FBF527A04 /* morning_adhkar.mp3 in Resources */ = {isa = PBXBuildFile; fileRef = 8BE3A99A4FE0417B94FDA7E6 /* morning_adhkar.mp3 */; };
		97791A6E183E40AFBB212665 /* mansoor_zahrani.mp3 in Resources */ = {isa = PBXBuildFile; fileRef = D5F9479403EC4591B9A488E4 /* mansoor_zahrani.mp3 */; };
		9D0C44A3505745B8B96CA8C4 /* notif_daily_summary.mp3 in Resources */ = {isa = PBXBuildFile; fileRef = 1526E378250D4E9691806CB6 /* notif_daily_summary.mp3 */; };
		A5C18ED57ED94EF78024D41A /* QuranAyahWidget.swift in Sources */ = {isa = PBXBuildFile; fileRef = 8E0762A7E4CF4BD5BAC88510 /* QuranAyahWidget.swift */; };
		AED7F24C4A204E80B09A1F45 /* silent.mp3 in Resources */ = {isa = PBXBuildFile; fileRef = 395EB3FE242E4F0187C6B628 /* silent.mp3 */; };
		B1527CE67BFF461A88B0C7B2 /* dosari.mp3 in Resources */ = {isa = PBXBuildFile; fileRef = 52A95C9FF788465F8C3CFBF6 /* dosari.mp3 */; };
		B190CAEC9C184F57BCCB314D /* sudais.mp3 in Resources */ = {isa = PBXBuildFile; fileRef = 60719E625ED8406ABCD7FFD1 /* sudais.mp3 */; };
		B3B25EFE54AE422AABFC843C /* ajman.mp3 in Resources */ = {isa = PBXBuildFile; fileRef = E604C6D5AA2A4CA1996A067C /* ajman.mp3 */; };
		BB2F792D24A3F905000567C9 /* Expo.plist in Resources */ = {isa = PBXBuildFile; fileRef = BB2F792C24A3F905000567C9 /* Expo.plist */; };
		BE86F76A9B054A8EB24916BA /* abdulbasit.mp3 in Resources */ = {isa = PBXBuildFile; fileRef = FE436C029B794D48BCAE9471 /* abdulbasit.mp3 */; };
		C226EC3B1A564C26BA26307A /* mishary.mp3 in Resources */ = {isa = PBXBuildFile; fileRef = 20312EC262A3467195CD1452 /* mishary.mp3 */; };
		C5E609CC8DB64EE8B23448EE /* general_reminder.mp3 in Resources */ = {isa = PBXBuildFile; fileRef = 1BC134205C354E67B45577AD /* general_reminder.mp3 */; };
		C9F3A24D7FB6463F80B15741 /* notif_verse.mp3 in Resources */ = {isa = PBXBuildFile; fileRef = 80A1D7B245A34FB390934230 /* notif_verse.mp3 */; };
		CC1F875F30AA46A8A7918C5D /* sharif.mp3 in Resources */ = {isa = PBXBuildFile; fileRef = 0F79190F5FEB4C0EB9D71DC4 /* sharif.mp3 */; };
		D47FC3FF68F1408BB80E4DAB /* ControlWidgets.swift in Sources */ = {isa = PBXBuildFile; fileRef = 37B4BF7598B44EBD924BC2E9 /* ControlWidgets.swift */; };
		D494D6B0AD07420B92F6D02F /* ali_mulla.mp3 in Resources */ = {isa = PBXBuildFile; fileRef = A59BBB096AF44047A2D32A87 /* ali_mulla.mp3 */; };
		DB735E16CFEA40F685288B3A /* madinah.mp3 in Resources */ = {isa = PBXBuildFile; fileRef = 1819AABFDC6A4394A10C7727 /* madinah.mp3 */; };
		DBD14331C5915623635B9FB6 /* ExpoModulesProvider.swift in Sources */ = {isa = PBXBuildFile; fileRef = 136D2A36A49C6B3EB9866F1C /* ExpoModulesProvider.swift */; };
		E60C798FBBFB472CAE173BEA /* notif_wakeup.mp3 in Resources */ = {isa = PBXBuildFile; fileRef = 0A48AA4D319D4FC28310274A /* notif_wakeup.mp3 */; };
		E69861845E354B2A9D5B45BE /* Amiri-Regular.ttf in Resources */ = {isa = PBXBuildFile; fileRef = AB78097CD7924DED9605E73A /* Amiri-Regular.ttf */; };
		E9B1409827344E8C96DA1517 /* naqshbandi.mp3 in Resources */ = {isa = PBXBuildFile; fileRef = E7CEB26479A74926A81D3C75 /* naqshbandi.mp3 */; };
		F11748422D0307B40044C1D9 /* AppDelegate.swift in Sources */ = {isa = PBXBuildFile; fileRef = F11748412D0307B40044C1D9 /* AppDelegate.swift */; };
/* End PBXBuildFile section */

/* Begin PBXCopyFilesBuildPhase section */
		81185B4FBA0D42349B0437A5 /* Embed App Extensions */ = {
			isa = PBXCopyFilesBuildPhase;
			buildActionMask = 2147483647;
			dstPath = "";
			dstSubfolderSpec = 13;
			files = (
			);
			name = "Embed App Extensions";
			runOnlyForDeploymentPostprocessing = 0;
		};
		BA2E67DD93CD487FB6E107AA /* Copy Files */ = {
			isa = PBXCopyFilesBuildPhase;
			buildActionMask = 2147483647;
			dstPath = "";
			dstSubfolderSpec = 13;
			files = (
				2BA76AD237174DB981D82D45 /* RoohAlMuslimWidgets.appex in Copy Files */,
			);
			name = "Copy Files";
			runOnlyForDeploymentPostprocessing = 0;
		};
/* End PBXCopyFilesBuildPhase section */

/* Begin PBXFileReference section */
		0550E57ADD4A4EBC9BE480ED /* PrayerLiveActivity.swift */ = {isa = PBXFileReference; explicitFileType = undefined; fileEncoding = 4; includeInIndex = 0; lastKnownFileType = sourcecode.swift; name = PrayerLiveActivity.swift; path = PrayerLiveActivity.swift; sourceTree = "<group>"; };
		0A48AA4D319D4FC28310274A /* notif_wakeup.mp3 */ = {isa = PBXFileReference; explicitFileType = undefined; fileEncoding = undefined; includeInIndex = 0; lastKnownFileType = unknown; name = notif_wakeup.mp3; path = rwhalmslm/notif_wakeup.mp3; sourceTree = "<group>"; };
		0F79190F5FEB4C0EB9D71DC4 /* sharif.mp3 */ = {isa = PBXFileReference; explicitFileType = undefined; fileEncoding = undefined; includeInIndex = 0; lastKnownFileType = unknown; name = sharif.mp3; path = rwhalmslm/sharif.mp3; sourceTree = "<group>"; };
		136D2A36A49C6B3EB9866F1C /* ExpoModulesProvider.swift */ = {isa = PBXFileReference; includeInIndex = 1; lastKnownFileType = sourcecode.swift; name = ExpoModulesProvider.swift; path = "Pods/Target Support Files/Pods-rwhalmslm/ExpoModulesProvider.swift"; sourceTree = "<group>"; };
		13B07F961A680F5B00A75B9A /* rwhalmslm.app */ = {isa = PBXFileReference; explicitFileType = wrapper.application; includeInIndex = 0; path = rwhalmslm.app; sourceTree = BUILT_PRODUCTS_DIR; };
		13B07FB51A68108700A75B9A /* Images.xcassets */ = {isa = PBXFileReference; lastKnownFileType = folder.assetcatalog; name = Images.xcassets; path = rwhalmslm/Images.xcassets; sourceTree = "<group>"; };
		13B07FB61A68108700A75B9A /* Info.plist */ = {isa = PBXFileReference; fileEncoding = 4; lastKnownFileType = text.plist.xml; name = Info.plist; path = rwhalmslm/Info.plist; sourceTree = "<group>"; };
		1526E378250D4E9691806CB6 /* notif_daily_summary.mp3 */ = {isa = PBXFileReference; explicitFileType = undefined; fileEncoding = undefined; includeInIndex = 0; lastKnownFileType = unknown; name = notif_daily_summary.mp3; path = rwhalmslm/notif_daily_summary.mp3; sourceTree = "<group>"; };
		1819AABFDC6A4394A10C7727 /* madinah.mp3 */ = {isa = PBXFileReference; explicitFileType = undefined; fileEncoding = undefined; includeInIndex = 0; lastKnownFileType = unknown; name = madinah.mp3; path = rwhalmslm/madinah.mp3; sourceTree = "<group>"; };
		1BC134205C354E67B45577AD /* general_reminder.mp3 */ = {isa = PBXFileReference; explicitFileType = undefined; fileEncoding = undefined; includeInIndex = 0; lastKnownFileType = unknown; name = general_reminder.mp3; path = rwhalmslm/general_reminder.mp3; sourceTree = "<group>"; };
		20312EC262A3467195CD1452 /* mishary.mp3 */ = {isa = PBXFileReference; explicitFileType = undefined; fileEncoding = undefined; includeInIndex = 0; lastKnownFileType = unknown; name = mishary.mp3; path = rwhalmslm/mishary.mp3; sourceTree = "<group>"; };
		21172CB3A5ED40198285432D /* WidgetBundle.swift */ = {isa = PBXFileReference; explicitFileType = undefined; fileEncoding = 4; includeInIndex = 0; lastKnownFileType = sourcecode.swift; name = WidgetBundle.swift; path = WidgetBundle.swift; sourceTree = "<group>"; };
		37B4BF7598B44EBD924BC2E9 /* ControlWidgets.swift */ = {isa = PBXFileReference; explicitFileType = undefined; fileEncoding = 4; includeInIndex = 0; lastKnownFileType = sourcecode.swift; name = ControlWidgets.swift; path = ControlWidgets.swift; sourceTree = "<group>"; };
		395EB3FE242E4F0187C6B628 /* silent.mp3 */ = {isa = PBXFileReference; explicitFileType = undefined; fileEncoding = undefined; includeInIndex = 0; lastKnownFileType = unknown; name = silent.mp3; path = rwhalmslm/silent.mp3; sourceTree = "<group>"; };
		398413D0C24C3939A10B69B9 /* Pods-rwhalmslm.debug.xcconfig */ = {isa = PBXFileReference; includeInIndex = 1; lastKnownFileType = text.xcconfig; name = "Pods-rwhalmslm.debug.xcconfig"; path = "Target Support Files/Pods-rwhalmslm/Pods-rwhalmslm.debug.xcconfig"; sourceTree = "<group>"; };
		4952AE361E8E48C787767037 /* notif_after_prayer.mp3 */ = {isa = PBXFileReference; explicitFileType = undefined; fileEncoding = undefined; includeInIndex = 0; lastKnownFileType = unknown; name = notif_after_prayer.mp3; path = rwhalmslm/notif_after_prayer.mp3; sourceTree = "<group>"; };
		4F244636C4054F5BB8E62434 /* haramain.mp3 */ = {isa = PBXFileReference; explicitFileType = undefined; fileEncoding = undefined; includeInIndex = 0; lastKnownFileType = unknown; name = haramain.mp3; path = rwhalmslm/haramain.mp3; sourceTree = "<group>"; };
		4FBC7A8BF9FB432E9D025DFD /* SharedActivityAttributes.swift */ = {isa = PBXFileReference; explicitFileType = undefined; fileEncoding = 4; includeInIndex = 0; lastKnownFileType = sourcecode.swift; name = SharedActivityAttributes.swift; path = SharedActivityAttributes.swift; sourceTree = "<group>"; };
		52A95C9FF788465F8C3CFBF6 /* dosari.mp3 */ = {isa = PBXFileReference; explicitFileType = undefined; fileEncoding = undefined; includeInIndex = 0; lastKnownFileType = unknown; name = dosari.mp3; path = rwhalmslm/dosari.mp3; sourceTree = "<group>"; };
		573C84CFA07B4AD9A13CC49F /* RoohAlMuslimWidgets.entitlements */ = {isa = PBXFileReference; explicitFileType = undefined; fileEncoding = undefined; includeInIndex = 0; lastKnownFileType = unknown; name = RoohAlMuslimWidgets.entitlements; path = RoohAlMuslimWidgets.entitlements; sourceTree = "<group>"; };
		57A78999B7F5450CB90B4742 /* AppIntents.framework */ = {isa = PBXFileReference; lastKnownFileType = wrapper.framework; name = AppIntents.framework; path = System/Library/Frameworks/AppIntents.framework; sourceTree = SDKROOT; };
		60719E625ED8406ABCD7FFD1 /* sudais.mp3 */ = {isa = PBXFileReference; explicitFileType = undefined; fileEncoding = undefined; includeInIndex = 0; lastKnownFileType = unknown; name = sudais.mp3; path = rwhalmslm/sudais.mp3; sourceTree = "<group>"; };
		62F9B0117C0E42FC88ACF531 /* Info.plist */ = {isa = PBXFileReference; explicitFileType = undefined; fileEncoding = 4; includeInIndex = 0; lastKnownFileType = text.plist.xml; name = Info.plist; path = Info.plist; sourceTree = "<group>"; };
		6A7C787E6A1E4D9A8BB0CF6F /* notif_sleep.mp3 */ = {isa = PBXFileReference; explicitFileType = undefined; fileEncoding = undefined; includeInIndex = 0; lastKnownFileType = unknown; name = notif_sleep.mp3; path = rwhalmslm/notif_sleep.mp3; sourceTree = "<group>"; };
		6CF6D61377744B3587274B96 /* tasbih.mp3 */ = {isa = PBXFileReference; explicitFileType = undefined; fileEncoding = undefined; includeInIndex = 0; lastKnownFileType = unknown; name = tasbih.mp3; path = rwhalmslm/tasbih.mp3; sourceTree = "<group>"; };
		7AB1E6228A274D24BBF94123 /* Amiri-Bold.ttf */ = {isa = PBXFileReference; explicitFileType = undefined; fileEncoding = undefined; includeInIndex = 0; lastKnownFileType = unknown; name = "Amiri-Bold.ttf"; path = "Amiri-Bold.ttf"; sourceTree = "<group>"; };
		7D29408E43F44911AADDDF91 /* alaqsa.mp3 */ = {isa = PBXFileReference; explicitFileType = undefined; fileEncoding = undefined; includeInIndex = 0; lastKnownFileType = unknown; name = alaqsa.mp3; path = rwhalmslm/alaqsa.mp3; sourceTree = "<group>"; };
		80A1D7B245A34FB390934230 /* notif_verse.mp3 */ = {isa = PBXFileReference; explicitFileType = undefined; fileEncoding = undefined; includeInIndex = 0; lastKnownFileType = unknown; name = notif_verse.mp3; path = rwhalmslm/notif_verse.mp3; sourceTree = "<group>"; };
		8BE3A99A4FE0417B94FDA7E6 /* morning_adhkar.mp3 */ = {isa = PBXFileReference; explicitFileType = undefined; fileEncoding = undefined; includeInIndex = 0; lastKnownFileType = unknown; name = morning_adhkar.mp3; path = rwhalmslm/morning_adhkar.mp3; sourceTree = "<group>"; };
		8E0762A7E4CF4BD5BAC88510 /* QuranAyahWidget.swift */ = {isa = PBXFileReference; explicitFileType = undefined; fileEncoding = 4; includeInIndex = 0; lastKnownFileType = sourcecode.swift; name = QuranAyahWidget.swift; path = QuranAyahWidget.swift; sourceTree = "<group>"; };
		A59BBB096AF44047A2D32A87 /* ali_mulla.mp3 */ = {isa = PBXFileReference; explicitFileType = undefined; fileEncoding = undefined; includeInIndex = 0; lastKnownFileType = unknown; name = ali_mulla.mp3; path = rwhalmslm/ali_mulla.mp3; sourceTree = "<group>"; };
		A65AC4DDBC784677BE7E668A /* istighfar.mp3 */ = {isa = PBXFileReference; explicitFileType = undefined; fileEncoding = undefined; includeInIndex = 0; lastKnownFileType = unknown; name = istighfar.mp3; path = rwhalmslm/istighfar.mp3; sourceTree = "<group>"; };
		A78A79DCB46147B792FEA2C6 /* evening_adhkar.mp3 */ = {isa = PBXFileReference; explicitFileType = undefined; fileEncoding = undefined; includeInIndex = 0; lastKnownFileType = unknown; name = evening_adhkar.mp3; path = rwhalmslm/evening_adhkar.mp3; sourceTree = "<group>"; };
		AA286B85B6C04FC6940260E9 /* SplashScreen.storyboard */ = {isa = PBXFileReference; fileEncoding = 4; lastKnownFileType = file.storyboard; name = SplashScreen.storyboard; path = rwhalmslm/SplashScreen.storyboard; sourceTree = "<group>"; };
		AB78097CD7924DED9605E73A /* Amiri-Regular.ttf */ = {isa = PBXFileReference; explicitFileType = undefined; fileEncoding = undefined; includeInIndex = 0; lastKnownFileType = unknown; name = "Amiri-Regular.ttf"; path = "Amiri-Regular.ttf"; sourceTree = "<group>"; };
		AE4B9A36DADB41C3B9DDC7A8 /* makkah.mp3 */ = {isa = PBXFileReference; explicitFileType = undefined; fileEncoding = undefined; includeInIndex = 0; lastKnownFileType = unknown; name = makkah.mp3; path = rwhalmslm/makkah.mp3; sourceTree = "<group>"; };
		B0D7DB0A1E77021488D1006F /* libPods-rwhalmslm.a */ = {isa = PBXFileReference; explicitFileType = archive.ar; includeInIndex = 0; path = "libPods-rwhalmslm.a"; sourceTree = BUILT_PRODUCTS_DIR; };
		B988DC3D5FA04252826ECAAD /* alhamdulillah.mp3 */ = {isa = PBXFileReference; explicitFileType = undefined; fileEncoding = undefined; includeInIndex = 0; lastKnownFileType = unknown; name = alhamdulillah.mp3; path = rwhalmslm/alhamdulillah.mp3; sourceTree = "<group>"; };
		BB2F792C24A3F905000567C9 /* Expo.plist */ = {isa = PBXFileReference; fileEncoding = 4; lastKnownFileType = text.plist.xml; path = Expo.plist; sourceTree = "<group>"; };
		C02CE61A019CEE51EC49E4F6 /* PrivacyInfo.xcprivacy */ = {isa = PBXFileReference; includeInIndex = 1; name = PrivacyInfo.xcprivacy; path = rwhalmslm/PrivacyInfo.xcprivacy; sourceTree = "<group>"; };
		C183460850544596ACD4A5B5 /* subhanallah.mp3 */ = {isa = PBXFileReference; explicitFileType = undefined; fileEncoding = undefined; includeInIndex = 0; lastKnownFileType = unknown; name = subhanallah.mp3; path = rwhalmslm/subhanallah.mp3; sourceTree = "<group>"; };
		C19751766B74432B9C5D24FB /* egypt.mp3 */ = {isa = PBXFileReference; explicitFileType = undefined; fileEncoding = undefined; includeInIndex = 0; lastKnownFileType = unknown; name = egypt.mp3; path = rwhalmslm/egypt.mp3; sourceTree = "<group>"; };
		C7B45D701DE74A1C87561BC9 /* salawat.mp3 */ = {isa = PBXFileReference; explicitFileType = undefined; fileEncoding = undefined; includeInIndex = 0; lastKnownFileType = unknown; name = salawat.mp3; path = rwhalmslm/salawat.mp3; sourceTree = "<group>"; };
		CA4717828B8147478E93F9F4 /* SwiftUI.framework */ = {isa = PBXFileReference; lastKnownFileType = wrapper.framework; name = SwiftUI.framework; path = System/Library/Frameworks/SwiftUI.framework; sourceTree = SDKROOT; };
		D5F9479403EC4591B9A488E4 /* mansoor_zahrani.mp3 */ = {isa = PBXFileReference; explicitFileType = undefined; fileEncoding = undefined; includeInIndex = 0; lastKnownFileType = unknown; name = mansoor_zahrani.mp3; path = rwhalmslm/mansoor_zahrani.mp3; sourceTree = "<group>"; };
		D612C8E4D04C46089750EF2B /* DhikrWidget.swift */ = {isa = PBXFileReference; explicitFileType = undefined; fileEncoding = 4; includeInIndex = 0; lastKnownFileType = sourcecode.swift; name = DhikrWidget.swift; path = DhikrWidget.swift; sourceTree = "<group>"; };
		DC4D29083BD94455BD44558B /* WidgetKit.framework */ = {isa = PBXFileReference; lastKnownFileType = wrapper.framework; name = WidgetKit.framework; path = System/Library/Frameworks/WidgetKit.framework; sourceTree = SDKROOT; };
		E201D4E541144B0C8FBBDDEA /* notif_kahf.mp3 */ = {isa = PBXFileReference; explicitFileType = undefined; fileEncoding = undefined; includeInIndex = 0; lastKnownFileType = unknown; name = notif_kahf.mp3; path = rwhalmslm/notif_kahf.mp3; sourceTree = "<group>"; };
		E2E1CFEF4E044AAF98E98E4A /* Assets.xcassets */ = {isa = PBXFileReference; explicitFileType = undefined; fileEncoding = undefined; includeInIndex = 0; lastKnownFileType = folder.assetcatalog; name = Assets.xcassets; path = Assets.xcassets; sourceTree = "<group>"; };
		E3EC3EC08CBA47BA84F6A352 /* NextPrayerWidget.swift */ = {isa = PBXFileReference; explicitFileType = undefined; fileEncoding = 4; includeInIndex = 0; lastKnownFileType = sourcecode.swift; name = NextPrayerWidget.swift; path = NextPrayerWidget.swift; sourceTree = "<group>"; };
		E604C6D5AA2A4CA1996A067C /* ajman.mp3 */ = {isa = PBXFileReference; explicitFileType = undefined; fileEncoding = undefined; includeInIndex = 0; lastKnownFileType = unknown; name = ajman.mp3; path = rwhalmslm/ajman.mp3; sourceTree = "<group>"; };
		E6567D71A1284606B76D861E /* AzkarWidget.swift */ = {isa = PBXFileReference; explicitFileType = undefined; fileEncoding = 4; includeInIndex = 0; lastKnownFileType = sourcecode.swift; name = AzkarWidget.swift; path = AzkarWidget.swift; sourceTree = "<group>"; };
		E7CEB26479A74926A81D3C75 /* naqshbandi.mp3 */ = {isa = PBXFileReference; explicitFileType = undefined; fileEncoding = undefined; includeInIndex = 0; lastKnownFileType = unknown; name = naqshbandi.mp3; path = rwhalmslm/naqshbandi.mp3; sourceTree = "<group>"; };
		EAF577ED04374527B3E70D5B /* HijriDateWidget.swift */ = {isa = PBXFileReference; explicitFileType = undefined; fileEncoding = 4; includeInIndex = 0; lastKnownFileType = sourcecode.swift; name = HijriDateWidget.swift; path = HijriDateWidget.swift; sourceTree = "<group>"; };
		ED297162215061F000B7C4FE /* JavaScriptCore.framework */ = {isa = PBXFileReference; lastKnownFileType = wrapper.framework; name = JavaScriptCore.framework; path = System/Library/Frameworks/JavaScriptCore.framework; sourceTree = SDKROOT; };
		EEF6F21C70A94CB4A2414DF2 /* AppIntents.swift */ = {isa = PBXFileReference; explicitFileType = undefined; fileEncoding = 4; includeInIndex = 0; lastKnownFileType = sourcecode.swift; name = AppIntents.swift; path = AppIntents.swift; sourceTree = "<group>"; };
		EFBCF3888C1F41689CD57C78 /* ActivityKit.framework */ = {isa = PBXFileReference; lastKnownFileType = wrapper.framework; name = ActivityKit.framework; path = System/Library/Frameworks/ActivityKit.framework; sourceTree = SDKROOT; };
		EFD5DFA892E1428ABC75A46B /* RoohAlMuslimWidgets.appex */ = {isa = PBXFileReference; explicitFileType = "wrapper.app-extension"; fileEncoding = undefined; includeInIndex = 0; lastKnownFileType = undefined; name = RoohAlMuslimWidgets.appex; path = RoohAlMuslimWidgets.appex; sourceTree = BUILT_PRODUCTS_DIR; };
		F11748412D0307B40044C1D9 /* AppDelegate.swift */ = {isa = PBXFileReference; lastKnownFileType = sourcecode.swift; name = AppDelegate.swift; path = rwhalmslm/AppDelegate.swift; sourceTree = "<group>"; };
		F11748442D0722820044C1D9 /* rwhalmslm-Bridging-Header.h */ = {isa = PBXFileReference; lastKnownFileType = sourcecode.c.h; name = "rwhalmslm-Bridging-Header.h"; path = "rwhalmslm/rwhalmslm-Bridging-Header.h"; sourceTree = "<group>"; };
		FB2A9D726F8CF0C487301376 /* Pods-rwhalmslm.release.xcconfig */ = {isa = PBXFileReference; includeInIndex = 1; lastKnownFileType = text.xcconfig; name = "Pods-rwhalmslm.release.xcconfig"; path = "Target Support Files/Pods-rwhalmslm/Pods-rwhalmslm.release.xcconfig"; sourceTree = "<group>"; };
		FE436C029B794D48BCAE9471 /* abdulbasit.mp3 */ = {isa = PBXFileReference; explicitFileType = undefined; fileEncoding = undefined; includeInIndex = 0; lastKnownFileType = unknown; name = abdulbasit.mp3; path = rwhalmslm/abdulbasit.mp3; sourceTree = "<group>"; };
/* End PBXFileReference section */

/* Begin PBXFrameworksBuildPhase section */
		13B07F8C1A680F5B00A75B9A /* Frameworks */ = {
			isa = PBXFrameworksBuildPhase;
			buildActionMask = 2147483647;
			files = (
				7B4E18BBA0390A2B465647E4 /* libPods-rwhalmslm.a in Frameworks */,
			);
			runOnlyForDeploymentPostprocessing = 0;
		};
		D1B42AA4F572454A8A4F2058 /* Frameworks */ = {
			isa = PBXFrameworksBuildPhase;
			buildActionMask = 2147483647;
			files = (
				112E591C2FA7488C95511DAB /* WidgetKit.framework in Frameworks */,
				204CD9BFC4064AFB97193496 /* SwiftUI.framework in Frameworks */,
				51B9DDE932BA4BFABD2755C8 /* ActivityKit.framework in Frameworks */,
				23EC05059A91425EAE5A5C4F /* AppIntents.framework in Frameworks */,
			);
			runOnlyForDeploymentPostprocessing = 0;
		};
/* End PBXFrameworksBuildPhase section */

/* Begin PBXGroup section */
		13B07FAE1A68108700A75B9A /* rwhalmslm */ = {
			isa = PBXGroup;
			children = (
				F11748412D0307B40044C1D9 /* AppDelegate.swift */,
				F11748442D0722820044C1D9 /* rwhalmslm-Bridging-Header.h */,
				BB2F792B24A3F905000567C9 /* Supporting */,
				13B07FB51A68108700A75B9A /* Images.xcassets */,
				13B07FB61A68108700A75B9A /* Info.plist */,
				AA286B85B6C04FC6940260E9 /* SplashScreen.storyboard */,
				1BC134205C354E67B45577AD /* general_reminder.mp3 */,
				C7B45D701DE74A1C87561BC9 /* salawat.mp3 */,
				A65AC4DDBC784677BE7E668A /* istighfar.mp3 */,
				6CF6D61377744B3587274B96 /* tasbih.mp3 */,
				C183460850544596ACD4A5B5 /* subhanallah.mp3 */,
				B988DC3D5FA04252826ECAAD /* alhamdulillah.mp3 */,
				8BE3A99A4FE0417B94FDA7E6 /* morning_adhkar.mp3 */,
				A78A79DCB46147B792FEA2C6 /* evening_adhkar.mp3 */,
				AE4B9A36DADB41C3B9DDC7A8 /* makkah.mp3 */,
				1819AABFDC6A4394A10C7727 /* madinah.mp3 */,
				7D29408E43F44911AADDDF91 /* alaqsa.mp3 */,
				20312EC262A3467195CD1452 /* mishary.mp3 */,
				FE436C029B794D48BCAE9471 /* abdulbasit.mp3 */,
				60719E625ED8406ABCD7FFD1 /* sudais.mp3 */,
				C19751766B74432B9C5D24FB /* egypt.mp3 */,
				52A95C9FF788465F8C3CFBF6 /* dosari.mp3 */,
				E604C6D5AA2A4CA1996A067C /* ajman.mp3 */,
				A59BBB096AF44047A2D32A87 /* ali_mulla.mp3 */,
				E7CEB26479A74926A81D3C75 /* naqshbandi.mp3 */,
				0F79190F5FEB4C0EB9D71DC4 /* sharif.mp3 */,
				D5F9479403EC4591B9A488E4 /* mansoor_zahrani.mp3 */,
				4F244636C4054F5BB8E62434 /* haramain.mp3 */,
				395EB3FE242E4F0187C6B628 /* silent.mp3 */,
				6A7C787E6A1E4D9A8BB0CF6F /* notif_sleep.mp3 */,
				0A48AA4D319D4FC28310274A /* notif_wakeup.mp3 */,
				4952AE361E8E48C787767037 /* notif_after_prayer.mp3 */,
				80A1D7B245A34FB390934230 /* notif_verse.mp3 */,
				E201D4E541144B0C8FBBDDEA /* notif_kahf.mp3 */,
				1526E378250D4E9691806CB6 /* notif_daily_summary.mp3 */,
				C02CE61A019CEE51EC49E4F6 /* PrivacyInfo.xcprivacy */,
			);
			name = rwhalmslm;
			sourceTree = "<group>";
		};
		2D16E6871FA4F8E400B85C8A /* Frameworks */ = {
			isa = PBXGroup;
			children = (
				ED297162215061F000B7C4FE /* JavaScriptCore.framework */,
				B0D7DB0A1E77021488D1006F /* libPods-rwhalmslm.a */,
			);
			name = Frameworks;
			sourceTree = "<group>";
		};
		6203F0B8FB0AEA705CF48AE8 /* rwhalmslm */ = {
			isa = PBXGroup;
			children = (
				136D2A36A49C6B3EB9866F1C /* ExpoModulesProvider.swift */,
			);
			name = rwhalmslm;
			sourceTree = "<group>";
		};
		62B8D94396524672AF2A286B /* RoohAlMuslimWidgets */ = {
			isa = PBXGroup;
			children = (
				21172CB3A5ED40198285432D /* WidgetBundle.swift */,
				E3EC3EC08CBA47BA84F6A352 /* NextPrayerWidget.swift */,
				8E0762A7E4CF4BD5BAC88510 /* QuranAyahWidget.swift */,
				E6567D71A1284606B76D861E /* AzkarWidget.swift */,
				D612C8E4D04C46089750EF2B /* DhikrWidget.swift */,
				EAF577ED04374527B3E70D5B /* HijriDateWidget.swift */,
				0550E57ADD4A4EBC9BE480ED /* PrayerLiveActivity.swift */,
				EEF6F21C70A94CB4A2414DF2 /* AppIntents.swift */,
				37B4BF7598B44EBD924BC2E9 /* ControlWidgets.swift */,
				4FBC7A8BF9FB432E9D025DFD /* SharedActivityAttributes.swift */,
				AB78097CD7924DED9605E73A /* Amiri-Regular.ttf */,
				7AB1E6228A274D24BBF94123 /* Amiri-Bold.ttf */,
				E2E1CFEF4E044AAF98E98E4A /* Assets.xcassets */,
				573C84CFA07B4AD9A13CC49F /* RoohAlMuslimWidgets.entitlements */,
				62F9B0117C0E42FC88ACF531 /* Info.plist */,
			);
			name = RoohAlMuslimWidgets;
			path = RoohAlMuslimWidgets;
			sourceTree = "<group>";
		};
		832341AE1AAA6A7D00B99B32 /* Libraries */ = {
			isa = PBXGroup;
			children = (
			);
			name = Libraries;
			sourceTree = "<group>";
		};
		83CBB9F61A601CBA00E9B192 = {
			isa = PBXGroup;
			children = (
				13B07FAE1A68108700A75B9A /* rwhalmslm */,
				832341AE1AAA6A7D00B99B32 /* Libraries */,
				83CBBA001A601CBA00E9B192 /* Products */,
				2D16E6871FA4F8E400B85C8A /* Frameworks */,
				62B8D94396524672AF2A286B /* RoohAlMuslimWidgets */,
				88662E80773F93359BE2F5EE /* Pods */,
				EC48BA5A9FEEFDD911A0F60A /* ExpoModulesProviders */,
			);
			indentWidth = 2;
			sourceTree = "<group>";
			tabWidth = 2;
			usesTabs = 0;
		};
		83CBBA001A601CBA00E9B192 /* Products */ = {
			isa = PBXGroup;
			children = (
				13B07F961A680F5B00A75B9A /* rwhalmslm.app */,
				EFD5DFA892E1428ABC75A46B /* RoohAlMuslimWidgets.appex */,
			);
			name = Products;
			sourceTree = "<group>";
		};
		88662E80773F93359BE2F5EE /* Pods */ = {
			isa = PBXGroup;
			children = (
				398413D0C24C3939A10B69B9 /* Pods-rwhalmslm.debug.xcconfig */,
				FB2A9D726F8CF0C487301376 /* Pods-rwhalmslm.release.xcconfig */,
			);
			name = Pods;
			path = Pods;
			sourceTree = "<group>";
		};
		BB2F792B24A3F905000567C9 /* Supporting */ = {
			isa = PBXGroup;
			children = (
				BB2F792C24A3F905000567C9 /* Expo.plist */,
			);
			name = Supporting;
			path = rwhalmslm/Supporting;
			sourceTree = "<group>";
		};
		EC48BA5A9FEEFDD911A0F60A /* ExpoModulesProviders */ = {
			isa = PBXGroup;
			children = (
				6203F0B8FB0AEA705CF48AE8 /* rwhalmslm */,
			);
			name = ExpoModulesProviders;
			sourceTree = "<group>";
		};
/* End PBXGroup section */

/* Begin PBXNativeTarget section */
		0DAE50CBBFB34ADDAF5E6995 /* RoohAlMuslimWidgets */ = {
			isa = PBXNativeTarget;
			buildConfigurationList = ED8B0499172A447DA80D13C8 /* Build configuration list for PBXNativeTarget "RoohAlMuslimWidgets" */;
			buildPhases = (
				B80BF9CFF7FB4077B27611E4 /* Sources */,
				D1B42AA4F572454A8A4F2058 /* Frameworks */,
				FA79839897E047BEBFA15BBA /* Resources */,
			);
			buildRules = (
			);
			dependencies = (
			);
			name = RoohAlMuslimWidgets;
			productName = RoohAlMuslimWidgets;
			productReference = EFD5DFA892E1428ABC75A46B /* RoohAlMuslimWidgets.appex */;
			productType = "com.apple.product-type.app-extension";
		};
		13B07F861A680F5B00A75B9A /* rwhalmslm */ = {
			isa = PBXNativeTarget;
			buildConfigurationList = 13B07F931A680F5B00A75B9A /* Build configuration list for PBXNativeTarget "rwhalmslm" */;
			buildPhases = (
				08A4A3CD28434E44B6B9DE2E /* [CP] Check Pods Manifest.lock */,
				A5BE6ADC145EB6F32B28BB87 /* [Expo] Configure project */,
				13B07F871A680F5B00A75B9A /* Sources */,
				13B07F8C1A680F5B00A75B9A /* Frameworks */,
				13B07F8E1A680F5B00A75B9A /* Resources */,
				00DD1BFF1BD5951E006B06BC /* Bundle React Native code and images */,
				800E24972A6A228C8D4807E9 /* [CP] Copy Pods Resources */,
				BA2E67DD93CD487FB6E107AA /* Copy Files */,
				81185B4FBA0D42349B0437A5 /* Embed App Extensions */,
				BFA58DDF0E5ACCD826924399 /* [CP] Embed Pods Frameworks */,
				8F6D72D96B60121F56FDB590 /* [CP-User] [RNGoogleMobileAds] Configuration */,
			);
			buildRules = (
			);
			dependencies = (
			);
			name = rwhalmslm;
			productName = rwhalmslm;
			productReference = 13B07F961A680F5B00A75B9A /* rwhalmslm.app */;
			productType = "com.apple.product-type.application";
		};
/* End PBXNativeTarget section */

/* Begin PBXProject section */
		83CBB9F71A601CBA00E9B192 /* Project object */ = {
			isa = PBXProject;
			attributes = {
				LastUpgradeCheck = 1130;
				TargetAttributes = {
					13B07F861A680F5B00A75B9A = {
						LastSwiftMigration = 1250;
					};
				};
			};
			buildConfigurationList = 83CBB9FA1A601CBA00E9B192 /* Build configuration list for PBXProject "rwhalmslm" */;
			compatibilityVersion = "Xcode 3.2";
			developmentRegion = en;
			hasScannedForEncodings = 0;
			knownRegions = (
				en,
				Base,
			);
			mainGroup = 83CBB9F61A601CBA00E9B192;
			productRefGroup = 83CBBA001A601CBA00E9B192 /* Products */;
			projectDirPath = "";
			projectRoot = "";
			targets = (
				13B07F861A680F5B00A75B9A /* rwhalmslm */,
				0DAE50CBBFB34ADDAF5E6995 /* RoohAlMuslimWidgets */,
			);
		};
/* End PBXProject section */

/* Begin PBXResourcesBuildPhase section */
		13B07F8E1A680F5B00A75B9A /* Resources */ = {
			isa = PBXResourcesBuildPhase;
			buildActionMask = 2147483647;
			files = (
				BB2F792D24A3F905000567C9 /* Expo.plist in Resources */,
				13B07FBF1A68108700A75B9A /* Images.xcassets in Resources */,
				3E461D99554A48A4959DE609 /* SplashScreen.storyboard in Resources */,
				C5E609CC8DB64EE8B23448EE /* general_reminder.mp3 in Resources */,
				46933E55C4AA43F98A43962F /* salawat.mp3 in Resources */,
				6395DFDACCB24C2F8873B798 /* istighfar.mp3 in Resources */,
				02EDEA2891484B16A557C14B /* tasbih.mp3 in Resources */,
				448F652ECE6F4BEC9D58C750 /* subhanallah.mp3 in Resources */,
				5FB0B9125E9546998EB22AC1 /* alhamdulillah.mp3 in Resources */,
				93BB643365FC406FBF527A04 /* morning_adhkar.mp3 in Resources */,
				03DB3876B03248D1BC5D0C20 /* evening_adhkar.mp3 in Resources */,
				1F5027510FC74E90A3F745E0 /* makkah.mp3 in Resources */,
				DB735E16CFEA40F685288B3A /* madinah.mp3 in Resources */,
				8DDCD09F992F4E169DB62C61 /* alaqsa.mp3 in Resources */,
				C226EC3B1A564C26BA26307A /* mishary.mp3 in Resources */,
				BE86F76A9B054A8EB24916BA /* abdulbasit.mp3 in Resources */,
				B190CAEC9C184F57BCCB314D /* sudais.mp3 in Resources */,
				27DFBDDE00DA46159D8EA377 /* egypt.mp3 in Resources */,
				B1527CE67BFF461A88B0C7B2 /* dosari.mp3 in Resources */,
				B3B25EFE54AE422AABFC843C /* ajman.mp3 in Resources */,
				D494D6B0AD07420B92F6D02F /* ali_mulla.mp3 in Resources */,
				E9B1409827344E8C96DA1517 /* naqshbandi.mp3 in Resources */,
				CC1F875F30AA46A8A7918C5D /* sharif.mp3 in Resources */,
				97791A6E183E40AFBB212665 /* mansoor_zahrani.mp3 in Resources */,
				7C55F99F8067470CAFE1AD10 /* haramain.mp3 in Resources */,
				AED7F24C4A204E80B09A1F45 /* silent.mp3 in Resources */,
				5FEF875B1E0047BB88694384 /* notif_sleep.mp3 in Resources */,
				E60C798FBBFB472CAE173BEA /* notif_wakeup.mp3 in Resources */,
				22A807FA9F5E4DBFAFFA6CA5 /* notif_after_prayer.mp3 in Resources */,
				C9F3A24D7FB6463F80B15741 /* notif_verse.mp3 in Resources */,
				116606951055446D891BB388 /* notif_kahf.mp3 in Resources */,
				9D0C44A3505745B8B96CA8C4 /* notif_daily_summary.mp3 in Resources */,
				7AB0E4D6E459A2943D3CA033 /* PrivacyInfo.xcprivacy in Resources */,
			);
			runOnlyForDeploymentPostprocessing = 0;
		};
		FA79839897E047BEBFA15BBA /* Resources */ = {
			isa = PBXResourcesBuildPhase;
			buildActionMask = 2147483647;
			files = (
				1241BCEEE751456090881DBD /* Assets.xcassets in Resources */,
				E69861845E354B2A9D5B45BE /* Amiri-Regular.ttf in Resources */,
				29D105155DD0473884183E9B /* Amiri-Bold.ttf in Resources */,
			);
			runOnlyForDeploymentPostprocessing = 0;
		};
/* End PBXResourcesBuildPhase section */

/* Begin PBXShellScriptBuildPhase section */
		00DD1BFF1BD5951E006B06BC /* Bundle React Native code and images */ = {
			isa = PBXShellScriptBuildPhase;
			alwaysOutOfDate = 1;
			buildActionMask = 2147483647;
			files = (
			);
			inputPaths = (
				"$(SRCROOT)/.xcode.env",
				"$(SRCROOT)/.xcode.env.local",
			);
			name = "Bundle React Native code and images";
			outputPaths = (
			);
			runOnlyForDeploymentPostprocessing = 0;
			shellPath = /bin/sh;
			shellScript = "if [[ -f \"$PODS_ROOT/../.xcode.env\" ]]; then\n  source \"$PODS_ROOT/../.xcode.env\"\nfi\nif [[ -f \"$PODS_ROOT/../.xcode.env.local\" ]]; then\n  source \"$PODS_ROOT/../.xcode.env.local\"\nfi\n\n# The project root by default is one level up from the ios directory\nexport PROJECT_ROOT=\"$PROJECT_DIR\"/..\n\nif [[ \"$CONFIGURATION\" = *Debug* ]]; then\n  export SKIP_BUNDLING=1\nfi\nif [[ -z \"$ENTRY_FILE\" ]]; then\n  # Set the entry JS file using the bundler's entry resolution.\n  export ENTRY_FILE=\"$(\"$NODE_BINARY\" -e \"require('expo/scripts/resolveAppEntry')\" \"$PROJECT_ROOT\" ios absolute | tail -n 1)\"\nfi\n\nif [[ -z \"$CLI_PATH\" ]]; then\n  # Use Expo CLI\n  export CLI_PATH=\"$(\"$NODE_BINARY\" --print \"require.resolve('@expo/cli', { paths: [require.resolve('expo/package.json')] })\")\"\nfi\nif [[ -z \"$BUNDLE_COMMAND\" ]]; then\n  # Default Expo CLI command for bundling\n  export BUNDLE_COMMAND=\"export:embed\"\nfi\n\n# Source .xcode.env.updates if it exists to allow\n# SKIP_BUNDLING to be unset if needed\nif [[ -f \"$PODS_ROOT/../.xcode.env.updates\" ]]; then\n  source \"$PODS_ROOT/../.xcode.env.updates\"\nfi\n# Source local changes to allow overrides\n# if needed\nif [[ -f \"$PODS_ROOT/../.xcode.env.local\" ]]; then\n  source \"$PODS_ROOT/../.xcode.env.local\"\nfi\n\n`\"$NODE_BINARY\" --print \"require('path').dirname(require.resolve('react-native/package.json')) + '/scripts/react-native-xcode.sh'\"`\n\n";
		};
		08A4A3CD28434E44B6B9DE2E /* [CP] Check Pods Manifest.lock */ = {
			isa = PBXShellScriptBuildPhase;
			buildActionMask = 2147483647;
			files = (
			);
			inputFileListPaths = (
			);
			inputPaths = (
				"${PODS_PODFILE_DIR_PATH}/Podfile.lock",
				"${PODS_ROOT}/Manifest.lock",
			);
			name = "[CP] Check Pods Manifest.lock";
			outputFileListPaths = (
			);
			outputPaths = (
				"$(DERIVED_FILE_DIR)/Pods-rwhalmslm-checkManifestLockResult.txt",
			);
			runOnlyForDeploymentPostprocessing = 0;
			shellPath = /bin/sh;
			shellScript = "diff \"${PODS_PODFILE_DIR_PATH}/Podfile.lock\" \"${PODS_ROOT}/Manifest.lock\" > /dev/null\nif [ $? != 0 ] ; then\n    # print error to STDERR\n    echo \"error: The sandbox is not in sync with the Podfile.lock. Run 'pod install' or update your CocoaPods installation.\" >&2\n    exit 1\nfi\n# This output is used by Xcode 'outputs' to avoid re-running this script phase.\necho \"SUCCESS\" > \"${SCRIPT_OUTPUT_FILE_0}\"\n";
			showEnvVarsInLog = 0;
		};
		800E24972A6A228C8D4807E9 /* [CP] Copy Pods Resources */ = {
			isa = PBXShellScriptBuildPhase;
			buildActionMask = 2147483647;
			files = (
			);
			inputPaths = (
				"${PODS_ROOT}/Target Support Files/Pods-rwhalmslm/Pods-rwhalmslm-resources.sh",
				"${PODS_CONFIGURATION_BUILD_DIR}/EXApplication/ExpoApplication_privacy.bundle",
				"${PODS_CONFIGURATION_BUILD_DIR}/EXConstants/EXConstants.bundle",
				"${PODS_CONFIGURATION_BUILD_DIR}/EXConstants/ExpoConstants_privacy.bundle",
				"${PODS_CONFIGURATION_BUILD_DIR}/EXNotifications/ExpoNotifications_privacy.bundle",
				"${PODS_CONFIGURATION_BUILD_DIR}/EXTaskManager/ExpoTaskManager_privacy.bundle",
				"${PODS_CONFIGURATION_BUILD_DIR}/EXUpdates/EXUpdates.bundle",
				"${PODS_CONFIGURATION_BUILD_DIR}/ExpoDevice/ExpoDevice_privacy.bundle",
				"${PODS_CONFIGURATION_BUILD_DIR}/ExpoFileSystem/ExpoFileSystem_privacy.bundle",
				"${PODS_CONFIGURATION_BUILD_DIR}/ExpoLocalization/ExpoLocalization_privacy.bundle",
				"${PODS_CONFIGURATION_BUILD_DIR}/ExpoMediaLibrary/ExpoMediaLibrary_privacy.bundle",
				"${PODS_CONFIGURATION_BUILD_DIR}/Google-Mobile-Ads-SDK/GoogleMobileAdsResources.bundle",
				"${PODS_CONFIGURATION_BUILD_DIR}/GoogleUserMessagingPlatform/UserMessagingPlatformResources.bundle",
				"${PODS_CONFIGURATION_BUILD_DIR}/RNCAsyncStorage/RNCAsyncStorage_resources.bundle",
				"${PODS_CONFIGURATION_BUILD_DIR}/RNSVG/RNSVGFilters.bundle",
				"${PODS_CONFIGURATION_BUILD_DIR}/ReachabilitySwift/ReachabilitySwift.bundle",
				"${PODS_CONFIGURATION_BUILD_DIR}/React-Core/React-Core_privacy.bundle",
				"${PODS_CONFIGURATION_BUILD_DIR}/React-cxxreact/React-cxxreact_privacy.bundle",
				"${PODS_CONFIGURATION_BUILD_DIR}/SDWebImage/SDWebImage.bundle",
				"${PODS_CONFIGURATION_BUILD_DIR}/lottie-ios/LottiePrivacyInfo.bundle",
				"${PODS_CONFIGURATION_BUILD_DIR}/lottie-react-native/Lottie_React_Native_Privacy.bundle",
			);
			name = "[CP] Copy Pods Resources";
			outputPaths = (
				"${TARGET_BUILD_DIR}/${UNLOCALIZED_RESOURCES_FOLDER_PATH}/ExpoApplication_privacy.bundle",
				"${TARGET_BUILD_DIR}/${UNLOCALIZED_RESOURCES_FOLDER_PATH}/EXConstants.bundle",
				"${TARGET_BUILD_DIR}/${UNLOCALIZED_RESOURCES_FOLDER_PATH}/ExpoConstants_privacy.bundle",
				"${TARGET_BUILD_DIR}/${UNLOCALIZED_RESOURCES_FOLDER_PATH}/ExpoNotifications_privacy.bundle",
				"${TARGET_BUILD_DIR}/${UNLOCALIZED_RESOURCES_FOLDER_PATH}/ExpoTaskManager_privacy.bundle",
				"${TARGET_BUILD_DIR}/${UNLOCALIZED_RESOURCES_FOLDER_PATH}/EXUpdates.bundle",
				"${TARGET_BUILD_DIR}/${UNLOCALIZED_RESOURCES_FOLDER_PATH}/ExpoDevice_privacy.bundle",
				"${TARGET_BUILD_DIR}/${UNLOCALIZED_RESOURCES_FOLDER_PATH}/ExpoFileSystem_privacy.bundle",
				"${TARGET_BUILD_DIR}/${UNLOCALIZED_RESOURCES_FOLDER_PATH}/ExpoLocalization_privacy.bundle",
				"${TARGET_BUILD_DIR}/${UNLOCALIZED_RESOURCES_FOLDER_PATH}/ExpoMediaLibrary_privacy.bundle",
				"${TARGET_BUILD_DIR}/${UNLOCALIZED_RESOURCES_FOLDER_PATH}/GoogleMobileAdsResources.bundle",
				"${TARGET_BUILD_DIR}/${UNLOCALIZED_RESOURCES_FOLDER_PATH}/UserMessagingPlatformResources.bundle",
				"${TARGET_BUILD_DIR}/${UNLOCALIZED_RESOURCES_FOLDER_PATH}/RNCAsyncStorage_resources.bundle",
				"${TARGET_BUILD_DIR}/${UNLOCALIZED_RESOURCES_FOLDER_PATH}/RNSVGFilters.bundle",
				"${TARGET_BUILD_DIR}/${UNLOCALIZED_RESOURCES_FOLDER_PATH}/ReachabilitySwift.bundle",
				"${TARGET_BUILD_DIR}/${UNLOCALIZED_RESOURCES_FOLDER_PATH}/React-Core_privacy.bundle",
				"${TARGET_BUILD_DIR}/${UNLOCALIZED_RESOURCES_FOLDER_PATH}/React-cxxreact_privacy.bundle",
				"${TARGET_BUILD_DIR}/${UNLOCALIZED_RESOURCES_FOLDER_PATH}/SDWebImage.bundle",
				"${TARGET_BUILD_DIR}/${UNLOCALIZED_RESOURCES_FOLDER_PATH}/LottiePrivacyInfo.bundle",
				"${TARGET_BUILD_DIR}/${UNLOCALIZED_RESOURCES_FOLDER_PATH}/Lottie_React_Native_Privacy.bundle",
			);
			runOnlyForDeploymentPostprocessing = 0;
			shellPath = /bin/sh;
			shellScript = "\"${PODS_ROOT}/Target Support Files/Pods-rwhalmslm/Pods-rwhalmslm-resources.sh\"\n";
			showEnvVarsInLog = 0;
		};
		8F6D72D96B60121F56FDB590 /* [CP-User] [RNGoogleMobileAds] Configuration */ = {
			isa = PBXShellScriptBuildPhase;
			buildActionMask = 2147483647;
			files = (
			);
			inputPaths = (
				"$(BUILT_PRODUCTS_DIR)/$(INFOPLIST_PATH)",
			);
			name = "[CP-User] [RNGoogleMobileAds] Configuration";
			runOnlyForDeploymentPostprocessing = 0;
			shellPath = /bin/sh;
			shellScript = "#!/usr/bin/env bash\n#\n# Copyright (c) 2016-present Invertase Limited & Contributors\n#\n# Licensed under the Apache License, Version 2.0 (the \"License\");\n# you may not use this library except in compliance with the License.\n# You may obtain a copy of the License at\n#\n#   http://www.apache.org/licenses/LICENSE-2.0\n#\n# Unless required by applicable law or agreed to in writing, software\n# distributed under the License is distributed on an \"AS IS\" BASIS,\n# WITHOUT WARRANTIES OR CONDITIONS OF ANY KIND, either express or implied.\n# See the License for the specific language governing permissions and\n# limitations under the License.\n#\n\n##########################################################################\n##########################################################################\n#\n#  NOTE THAT IF YOU CHANGE THIS FILE YOU MUST RUN pod install AFTERWARDS\n#\n#  This file is installed as an Xcode build script in the project file\n#  by cocoapods, and you will not see your changes until you pod install\n#\n##########################################################################\n##########################################################################\n\nset -e\n\n_MAX_LOOKUPS=2;\n_SEARCH_RESULT=''\n_RN_ROOT_EXISTS=''\n_CURRENT_LOOKUPS=1\n_PROJECT_ABBREVIATION=\"RNGoogleMobileAds\"\n_JSON_ROOT=\"'react-native-google-mobile-ads'\"\n_JSON_FILE_NAME='app.json'\n_JSON_OUTPUT_BASE64='e30=' # { }\n_CURRENT_SEARCH_DIR=${PROJECT_DIR}\n_PLIST_BUDDY=/usr/libexec/PlistBuddy\n_TARGET_PLIST=\"${BUILT_PRODUCTS_DIR}/${INFOPLIST_PATH}\"\n_DSYM_PLIST=\"${DWARF_DSYM_FOLDER_PATH}/${DWARF_DSYM_FILE_NAME}/Contents/Info.plist\"\n_PACKAGE_JSON_NAME='package.json'\n\n# plist arrays\n_PLIST_ENTRY_KEYS=()\n_PLIST_ENTRY_TYPES=()\n_PLIST_ENTRY_VALUES=()\n\nfunction setPlistValue {\n  echo \"note:      setting plist entry '$1' of type '$2' in file '$4'\"\n  ${_PLIST_BUDDY} -c \"Add :$1 $2 '$3'\" $4 || echo \"note:      '$1' already exists\"\n}\n\nfunction getJsonKeyValue () {\n  if [[ ${_RN_ROOT_EXISTS} ]]; then\n    ruby -KU -e \"require 'rubygems';require 'json'; output=JSON.parse('$1'); puts output[$_JSON_ROOT]['$2']\"\n  else\n    echo \"\"\n  fi;\n}\n\nfunction jsonBoolToYesNo () {\n  if [[ $1 == \"false\" ]]; then\n    echo \"NO\"\n  elif [[ $1 == \"true\" ]]; then\n    echo \"YES\"\n  else echo \"NO\"\n  fi\n}\n\necho \"note: -> ${_PROJECT_ABBREVIATION} build script started\"\necho \"note: 1) Locating ${_JSON_FILE_NAME} file:\"\n\nif [[ -z ${_CURRENT_SEARCH_DIR} ]]; then\n  _CURRENT_SEARCH_DIR=$(pwd)\nfi;\n\nwhile true; do\n  _CURRENT_SEARCH_DIR=$(dirname \"$_CURRENT_SEARCH_DIR\")\n  if [[ \"$_CURRENT_SEARCH_DIR\" == *.generated ]]; then continue; fi\n  if [[ \"$_CURRENT_SEARCH_DIR\" == \"/\" ]] || [[ ${_CURRENT_LOOKUPS} -gt ${_MAX_LOOKUPS} ]]; then break; fi;\n  echo \"note:      ($_CURRENT_LOOKUPS of $_MAX_LOOKUPS) Searching in '$_CURRENT_SEARCH_DIR' for a ${_JSON_FILE_NAME} file.\"\n  _SEARCH_RESULT=$(find \"$_CURRENT_SEARCH_DIR\" -maxdepth 2 -name ${_JSON_FILE_NAME} -print | /usr/bin/head -n 1)\n  if [[ ${_SEARCH_RESULT} ]]; then\n    echo \"note:      ${_JSON_FILE_NAME} found at $_SEARCH_RESULT\"\n    break;\n  fi;\n  _CURRENT_LOOKUPS=$((_CURRENT_LOOKUPS+1))\ndone\n\nif [[ ${_SEARCH_RESULT} ]]; then\n  _JSON_OUTPUT_RAW=$(cat \"${_SEARCH_RESULT}\")\n  _RN_ROOT_EXISTS=$(ruby -KU -e \"require 'rubygems';require 'json'; output=JSON.parse('$_JSON_OUTPUT_RAW'); puts output[$_JSON_ROOT]\" || echo '')\n\n  if [[ ${_RN_ROOT_EXISTS} ]]; then\n    if ! python3 --version >/dev/null 2>&1; then echo \"error: python3 not found, app.json file processing error.\" && exit 1; fi\n    _JSON_OUTPUT_BASE64=$(python3 -c 'import json,sys,base64;print(base64.b64encode(bytes(json.dumps(json.loads(open('\"'${_SEARCH_RESULT}'\"', '\"'rb'\"').read())['${_JSON_ROOT}']), '\"'utf-8'\"')).decode())' || echo \"e30=\")\n  fi\n\n  _PLIST_ENTRY_KEYS+=(\"google_mobile_ads_json_raw\")\n  _PLIST_ENTRY_TYPES+=(\"string\")\n  _PLIST_ENTRY_VALUES+=(\"$_JSON_OUTPUT_BASE64\")\n\n  # config.delay_app_measurement_init\n  _DELAY_APP_MEASUREMENT=$(getJsonKeyValue \"$_JSON_OUTPUT_RAW\" \"delay_app_measurement_init\")\n  if [[ $_DELAY_APP_MEASUREMENT == \"true\" ]]; then\n    _PLIST_ENTRY_KEYS+=(\"GADDelayAppMeasurementInit\")\n    _PLIST_ENTRY_TYPES+=(\"bool\")\n    _PLIST_ENTRY_VALUES+=(\"YES\")\n  fi\n\n  # config.ios_app_id\n  _IOS_APP_ID=$(getJsonKeyValue \"$_JSON_OUTPUT_RAW\" \"ios_app_id\")\n  if [[ $_IOS_APP_ID ]]; then\n    _PLIST_ENTRY_KEYS+=(\"GADApplicationIdentifier\")\n    _PLIST_ENTRY_TYPES+=(\"string\")\n    _PLIST_ENTRY_VALUES+=(\"$_IOS_APP_ID\")\n  fi\n\n  # config.sk_ad_network_items\n  _SK_AD_NETWORK_ITEMS=$(getJsonKeyValue \"$_JSON_OUTPUT_RAW\" \"sk_ad_network_items\")\n  if [[ $_SK_AD_NETWORK_ITEMS ]]; then\n    _PLIST_ENTRY_KEYS+=(\"SKAdNetworkItems\")\n    _PLIST_ENTRY_TYPES+=(\"array\")\n    _PLIST_ENTRY_VALUES+=(\"\")\n\n    oldifs=$IFS\n    IFS=\"\n\"\n    array=($(echo \"$_SK_AD_NETWORK_ITEMS\"))\n    IFS=$oldifs\n    for i in \"${!array[@]}\"; do\n      _PLIST_ENTRY_KEYS+=(\"SKAdNetworkItems:$i:SKAdNetworkIdentifier\")\n      _PLIST_ENTRY_TYPES+=(\"string\")\n      _PLIST_ENTRY_VALUES+=(\"${array[i]}\")  \n    done\n  fi\n\n    # config.user_tracking_usage_description\n  _USER_TRACKING_USAGE_DESCRIPTION=$(getJsonKeyValue \"$_JSON_OUTPUT_RAW\" \"user_tracking_usage_description\")\n  if [[ $_USER_TRACKING_USAGE_DESCRIPTION ]]; then\n    _PLIST_ENTRY_KEYS+=(\"NSUserTrackingUsageDescription\")\n    _PLIST_ENTRY_TYPES+=(\"string\")\n    _PLIST_ENTRY_VALUES+=(\"$_USER_TRACKING_USAGE_DESCRIPTION\")\n  fi\nelse\n  _PLIST_ENTRY_KEYS+=(\"google_mobile_ads_json_raw\")\n  _PLIST_ENTRY_TYPES+=(\"string\")\n  _PLIST_ENTRY_VALUES+=(\"$_JSON_OUTPUT_BASE64\")\n  echo \"note:   An ${_JSON_FILE_NAME} file was not found, whilst this file is optional it is recommended to include it to auto-configure services.\"\nfi;\n\necho \"note: 2) Injecting Info.plist entries: \"\n\n# Log out the keys we're adding\nfor i in \"${!_PLIST_ENTRY_KEYS[@]}\"; do\n  echo \"    ->  $i) ${_PLIST_ENTRY_KEYS[$i]}\" \"${_PLIST_ENTRY_TYPES[$i]}\" \"${_PLIST_ENTRY_VALUES[$i]}\"\ndone\n\nif ! [[ -f \"${_TARGET_PLIST}\" ]]; then\n  echo \"error: unable to locate Info.plist to set properties. App will crash without GADApplicationIdentifier set.\"\n  exit 1\nfi\n\nif ! [[ $_IOS_APP_ID ]]; then\n  echo \"warning:  ios_app_id key not found in react-native-google-mobile-ads key in app.json. App will crash without it. You may safely ignore this warning if you are using our Expo config plugin.\"\n  exit 0\nfi\n\nfor plist in \"${_TARGET_PLIST}\" \"${_DSYM_PLIST}\" ; do\n  if [[ -f \"${plist}\" ]]; then\n\n    # paths with spaces break the call to setPlistValue. temporarily modify\n    # the shell internal field separator variable (IFS), which normally\n    # includes spaces, to consist only of line breaks\n    oldifs=$IFS\n    IFS=\"\n\"\n\n    for i in \"${!_PLIST_ENTRY_KEYS[@]}\"; do\n      setPlistValue \"${_PLIST_ENTRY_KEYS[$i]}\" \"${_PLIST_ENTRY_TYPES[$i]}\" \"${_PLIST_ENTRY_VALUES[$i]}\" \"${plist}\"\n    done\n\n    # restore the original internal field separator value\n    IFS=$oldifs\n  else\n    echo \"warning:   A Info.plist build output file was not found (${plist})\"\n  fi\ndone\n\necho \"note: <- ${_PROJECT_ABBREVIATION} build script finished\"\n";
		};
		A5BE6ADC145EB6F32B28BB87 /* [Expo] Configure project */ = {
			isa = PBXShellScriptBuildPhase;
			alwaysOutOfDate = 1;
			buildActionMask = 2147483647;
			files = (
			);
			inputFileListPaths = (
			);
			inputPaths = (
				"$(SRCROOT)/.xcode.env",
				"$(SRCROOT)/.xcode.env.local",
				"$(SRCROOT)/rwhalmslm/rwhalmslm.entitlements",
				"$(SRCROOT)/Pods/Target Support Files/Pods-rwhalmslm/expo-configure-project.sh",
			);
			name = "[Expo] Configure project";
			outputFileListPaths = (
			);
			outputPaths = (
				"$(SRCROOT)/Pods/Target Support Files/Pods-rwhalmslm/ExpoModulesProvider.swift",
			);
			runOnlyForDeploymentPostprocessing = 0;
			shellPath = /bin/sh;
			shellScript = "# This script configures Expo modules and generates the modules provider file.\nbash -l -c \"./Pods/Target\\ Support\\ Files/Pods-rwhalmslm/expo-configure-project.sh\"\n";
		};
		BFA58DDF0E5ACCD826924399 /* [CP] Embed Pods Frameworks */ = {
			isa = PBXShellScriptBuildPhase;
			buildActionMask = 2147483647;
			files = (
			);
			inputPaths = (
				"${PODS_ROOT}/Target Support Files/Pods-rwhalmslm/Pods-rwhalmslm-frameworks.sh",
				"${PODS_XCFRAMEWORKS_BUILD_DIR}/React-Core-prebuilt/React.framework/React",
				"${PODS_XCFRAMEWORKS_BUILD_DIR}/ReactNativeDependencies/ReactNativeDependencies.framework/ReactNativeDependencies",
				"${PODS_XCFRAMEWORKS_BUILD_DIR}/hermes-engine/Pre-built/hermes.framework/hermes",
			);
			name = "[CP] Embed Pods Frameworks";
			outputPaths = (
				"${TARGET_BUILD_DIR}/${FRAMEWORKS_FOLDER_PATH}/React.framework",
				"${TARGET_BUILD_DIR}/${FRAMEWORKS_FOLDER_PATH}/ReactNativeDependencies.framework",
				"${TARGET_BUILD_DIR}/${FRAMEWORKS_FOLDER_PATH}/hermes.framework",
			);
			runOnlyForDeploymentPostprocessing = 0;
			shellPath = /bin/sh;
			shellScript = "\"${PODS_ROOT}/Target Support Files/Pods-rwhalmslm/Pods-rwhalmslm-frameworks.sh\"\n";
			showEnvVarsInLog = 0;
		};
/* End PBXShellScriptBuildPhase section */

/* Begin PBXSourcesBuildPhase section */
		13B07F871A680F5B00A75B9A /* Sources */ = {
			isa = PBXSourcesBuildPhase;
			buildActionMask = 2147483647;
			files = (
				F11748422D0307B40044C1D9 /* AppDelegate.swift in Sources */,
				DBD14331C5915623635B9FB6 /* ExpoModulesProvider.swift in Sources */,
			);
			runOnlyForDeploymentPostprocessing = 0;
		};
		B80BF9CFF7FB4077B27611E4 /* Sources */ = {
			isa = PBXSourcesBuildPhase;
			buildActionMask = 2147483647;
			files = (
				3ED388C0B07F42C4978B2BA0 /* WidgetBundle.swift in Sources */,
				81410EDB971149E59ED803E9 /* NextPrayerWidget.swift in Sources */,
				A5C18ED57ED94EF78024D41A /* QuranAyahWidget.swift in Sources */,
				5CE870AABD094324AF307AAB /* AzkarWidget.swift in Sources */,
				1DE91DE60C1B4627B03C7CBA /* DhikrWidget.swift in Sources */,
				00ADE77B26394ABBB315639E /* HijriDateWidget.swift in Sources */,
				7A9E765B203D49D88D8BD58D /* PrayerLiveActivity.swift in Sources */,
				53C41094FF624E33800D7438 /* AppIntents.swift in Sources */,
				D47FC3FF68F1408BB80E4DAB /* ControlWidgets.swift in Sources */,
				8DA63C15B20147CCA5C98762 /* SharedActivityAttributes.swift in Sources */,
			);
			runOnlyForDeploymentPostprocessing = 0;
		};
/* End PBXSourcesBuildPhase section */

/* Begin XCBuildConfiguration section */
		13B07F941A680F5B00A75B9A /* Debug */ = {
			isa = XCBuildConfiguration;
			baseConfigurationReference = 398413D0C24C3939A10B69B9 /* Pods-rwhalmslm.debug.xcconfig */;
			buildSettings = {
				ASSETCATALOG_COMPILER_APPICON_NAME = AppIcon;
				CLANG_ENABLE_MODULES = YES;
				CODE_SIGN_ENTITLEMENTS = rwhalmslm/rwhalmslm.entitlements;
				CURRENT_PROJECT_VERSION = 1;
				ENABLE_BITCODE = NO;
				GCC_PREPROCESSOR_DEFINITIONS = (
					"$(inherited)",
					"FB_SONARKIT_ENABLED=1",
				);
				INFOPLIST_FILE = rwhalmslm/Info.plist;
				IPHONEOS_DEPLOYMENT_TARGET = 15.1;
				LD_RUNPATH_SEARCH_PATHS = (
					"$(inherited)",
					"@executable_path/Frameworks",
				);
				MARKETING_VERSION = 1.0;
				OTHER_LDFLAGS = (
					"$(inherited)",
					"-ObjC",
					"-lc++",
				);
				OTHER_SWIFT_FLAGS = "$(inherited) -D EXPO_CONFIGURATION_DEBUG";
				PRODUCT_BUNDLE_IDENTIFIER = com.rooh.almuslim;
				PRODUCT_NAME = rwhalmslm;
				SWIFT_OBJC_BRIDGING_HEADER = "rwhalmslm/rwhalmslm-Bridging-Header.h";
				SWIFT_OPTIMIZATION_LEVEL = "-Onone";
				SWIFT_VERSION = 5.0;
				TARGETED_DEVICE_FAMILY = "1,2";
				VERSIONING_SYSTEM = "apple-generic";
			};
			name = Debug;
		};
		13B07F951A680F5B00A75B9A /* Release */ = {
			isa = XCBuildConfiguration;
			baseConfigurationReference = FB2A9D726F8CF0C487301376 /* Pods-rwhalmslm.release.xcconfig */;
			buildSettings = {
				ASSETCATALOG_COMPILER_APPICON_NAME = AppIcon;
				CLANG_ENABLE_MODULES = YES;
				CODE_SIGN_ENTITLEMENTS = rwhalmslm/rwhalmslm.entitlements;
				CURRENT_PROJECT_VERSION = 1;
				INFOPLIST_FILE = rwhalmslm/Info.plist;
				IPHONEOS_DEPLOYMENT_TARGET = 15.1;
				LD_RUNPATH_SEARCH_PATHS = (
					"$(inherited)",
					"@executable_path/Frameworks",
				);
				MARKETING_VERSION = 1.0;
				OTHER_LDFLAGS = (
					"$(inherited)",
					"-ObjC",
					"-lc++",
				);
				OTHER_SWIFT_FLAGS = "$(inherited) -D EXPO_CONFIGURATION_RELEASE";
				PRODUCT_BUNDLE_IDENTIFIER = com.rooh.almuslim;
				PRODUCT_NAME = rwhalmslm;
				SWIFT_OBJC_BRIDGING_HEADER = "rwhalmslm/rwhalmslm-Bridging-Header.h";
				SWIFT_VERSION = 5.0;
				TARGETED_DEVICE_FAMILY = "1,2";
				VERSIONING_SYSTEM = "apple-generic";
			};
			name = Release;
		};
		4BCD1DC340CB4A44906CEF49 /* Debug */ = {
			isa = XCBuildConfiguration;
			buildSettings = {
				ASSETCATALOG_COMPILER_GENERATE_SWIFT_ASSET_SYMBOL_EXTENSIONS = YES;
				CODE_SIGN_ENTITLEMENTS = RoohAlMuslimWidgets/RoohAlMuslimWidgets.entitlements;
				CODE_SIGN_STYLE = Automatic;
				CURRENT_PROJECT_VERSION = 1;
				DEVELOPMENT_TEAM = UDCBW35NWT;
				GCC_PREPROCESSOR_DEFINITIONS = (
					"DEBUG=1",
					"$(inherited)",
				);
				GENERATE_INFOPLIST_FILE = NO;
				INFOPLIST_FILE = RoohAlMuslimWidgets/Info.plist;
				IPHONEOS_DEPLOYMENT_TARGET = 16.1;
				LD_RUNPATH_SEARCH_PATHS = (
					"$(inherited)",
					"@executable_path/Frameworks",
					"@executable_path/../../Frameworks",
				);
				MARKETING_VERSION = 1.0;
				OTHER_SWIFT_FLAGS = "$(inherited) -D EXPO_CONFIGURATION_DEBUG";
				PRODUCT_BUNDLE_IDENTIFIER = com.rooh.almuslim.widgets;
				PRODUCT_NAME = RoohAlMuslimWidgets;
				SKIP_INSTALL = YES;
				SWIFT_VERSION = 5.0;
				TARGETED_DEVICE_FAMILY = "1,2";
			};
			name = Debug;
		};
		83CBBA201A601CBA00E9B192 /* Debug */ = {
			isa = XCBuildConfiguration;
			buildSettings = {
				ALWAYS_SEARCH_USER_PATHS = NO;
				CLANG_ANALYZER_LOCALIZABILITY_NONLOCALIZED = YES;
				CLANG_CXX_LANGUAGE_STANDARD = "c++20";
				CLANG_CXX_LIBRARY = "libc++";
				CLANG_ENABLE_MODULES = YES;
				CLANG_ENABLE_OBJC_ARC = YES;
				CLANG_WARN_BLOCK_CAPTURE_AUTORELEASING = YES;
				CLANG_WARN_BOOL_CONVERSION = YES;
				CLANG_WARN_COMMA = YES;
				CLANG_WARN_CONSTANT_CONVERSION = YES;
				CLANG_WARN_DEPRECATED_OBJC_IMPLEMENTATIONS = YES;
				CLANG_WARN_DIRECT_OBJC_ISA_USAGE = YES_ERROR;
				CLANG_WARN_EMPTY_BODY = YES;
				CLANG_WARN_ENUM_CONVERSION = YES;
				CLANG_WARN_INFINITE_RECURSION = YES;
				CLANG_WARN_INT_CONVERSION = YES;
				CLANG_WARN_NON_LITERAL_NULL_CONVERSION = YES;
				CLANG_WARN_OBJC_IMPLICIT_RETAIN_SELF = YES;
				CLANG_WARN_OBJC_LITERAL_CONVERSION = YES;
				CLANG_WARN_OBJC_ROOT_CLASS = YES_ERROR;
				CLANG_WARN_RANGE_LOOP_ANALYSIS = YES;
				CLANG_WARN_STRICT_PROTOTYPES = YES;
				CLANG_WARN_SUSPICIOUS_MOVE = YES;
				CLANG_WARN_UNREACHABLE_CODE = YES;
				CLANG_WARN__DUPLICATE_METHOD_MATCH = YES;
				"CODE_SIGN_IDENTITY[sdk=iphoneos*]" = "iPhone Developer";
				COPY_PHASE_STRIP = NO;
				ENABLE_STRICT_OBJC_MSGSEND = YES;
				ENABLE_TESTABILITY = YES;
				GCC_C_LANGUAGE_STANDARD = gnu99;
				GCC_DYNAMIC_NO_PIC = NO;
				GCC_NO_COMMON_BLOCKS = YES;
				GCC_OPTIMIZATION_LEVEL = 0;
				GCC_PREPROCESSOR_DEFINITIONS = (
					"DEBUG=1",
					"$(inherited)",
				);
				GCC_SYMBOLS_PRIVATE_EXTERN = NO;
				GCC_WARN_64_TO_32_BIT_CONVERSION = YES;
				GCC_WARN_ABOUT_RETURN_TYPE = YES_ERROR;
				GCC_WARN_UNDECLARED_SELECTOR = YES;
				GCC_WARN_UNINITIALIZED_AUTOS = YES_AGGRESSIVE;
				GCC_WARN_UNUSED_FUNCTION = YES;
				GCC_WARN_UNUSED_VARIABLE = YES;
				IPHONEOS_DEPLOYMENT_TARGET = 15.1;
				LD_RUNPATH_SEARCH_PATHS = (
					/usr/lib/swift,
					"$(inherited)",
				);
				LIBRARY_SEARCH_PATHS = "$(SDKROOT)/usr/lib/swift\"$(inherited)\"";
				MTL_ENABLE_DEBUG_INFO = YES;
				ONLY_ACTIVE_ARCH = YES;
				REACT_NATIVE_PATH = "${PODS_ROOT}/../../node_modules/react-native";
				SDKROOT = iphoneos;
				SWIFT_ACTIVE_COMPILATION_CONDITIONS = "$(inherited) DEBUG";
				SWIFT_ENABLE_EXPLICIT_MODULES = NO;
				USE_HERMES = true;
			};
			name = Debug;
		};
		83CBBA211A601CBA00E9B192 /* Release */ = {
			isa = XCBuildConfiguration;
			buildSettings = {
				ALWAYS_SEARCH_USER_PATHS = NO;
				CLANG_ANALYZER_LOCALIZABILITY_NONLOCALIZED = YES;
				CLANG_CXX_LANGUAGE_STANDARD = "c++20";
				CLANG_CXX_LIBRARY = "libc++";
				CLANG_ENABLE_MODULES = YES;
				CLANG_ENABLE_OBJC_ARC = YES;
				CLANG_WARN_BLOCK_CAPTURE_AUTORELEASING = YES;
				CLANG_WARN_BOOL_CONVERSION = YES;
				CLANG_WARN_COMMA = YES;
				CLANG_WARN_CONSTANT_CONVERSION = YES;
				CLANG_WARN_DEPRECATED_OBJC_IMPLEMENTATIONS = YES;
				CLANG_WARN_DIRECT_OBJC_ISA_USAGE = YES_ERROR;
				CLANG_WARN_EMPTY_BODY = YES;
				CLANG_WARN_ENUM_CONVERSION = YES;
				CLANG_WARN_INFINITE_RECURSION = YES;
				CLANG_WARN_INT_CONVERSION = YES;
				CLANG_WARN_NON_LITERAL_NULL_CONVERSION = YES;
				CLANG_WARN_OBJC_IMPLICIT_RETAIN_SELF = YES;
				CLANG_WARN_OBJC_LITERAL_CONVERSION = YES;
				CLANG_WARN_OBJC_ROOT_CLASS = YES_ERROR;
				CLANG_WARN_RANGE_LOOP_ANALYSIS = YES;
				CLANG_WARN_STRICT_PROTOTYPES = YES;
				CLANG_WARN_SUSPICIOUS_MOVE = YES;
				CLANG_WARN_UNREACHABLE_CODE = YES;
				CLANG_WARN__DUPLICATE_METHOD_MATCH = YES;
				"CODE_SIGN_IDENTITY[sdk=iphoneos*]" = "iPhone Developer";
				COPY_PHASE_STRIP = YES;
				ENABLE_NS_ASSERTIONS = NO;
				ENABLE_STRICT_OBJC_MSGSEND = YES;
				GCC_C_LANGUAGE_STANDARD = gnu99;
				GCC_NO_COMMON_BLOCKS = YES;
				GCC_WARN_64_TO_32_BIT_CONVERSION = YES;
				GCC_WARN_ABOUT_RETURN_TYPE = YES_ERROR;
				GCC_WARN_UNDECLARED_SELECTOR = YES;
				GCC_WARN_UNINITIALIZED_AUTOS = YES_AGGRESSIVE;
				GCC_WARN_UNUSED_FUNCTION = YES;
				GCC_WARN_UNUSED_VARIABLE = YES;
				IPHONEOS_DEPLOYMENT_TARGET = 15.1;
				LD_RUNPATH_SEARCH_PATHS = (
					/usr/lib/swift,
					"$(inherited)",
				);
				LIBRARY_SEARCH_PATHS = "$(SDKROOT)/usr/lib/swift\"$(inherited)\"";
				MTL_ENABLE_DEBUG_INFO = NO;
				REACT_NATIVE_PATH = "${PODS_ROOT}/../../node_modules/react-native";
				SDKROOT = iphoneos;
				SWIFT_ENABLE_EXPLICIT_MODULES = NO;
				USE_HERMES = true;
				VALIDATE_PRODUCT = YES;
			};
			name = Release;
		};
		DAB58FE012C344819BE77742 /* Release */ = {
			isa = XCBuildConfiguration;
			buildSettings = {
				ASSETCATALOG_COMPILER_GENERATE_SWIFT_ASSET_SYMBOL_EXTENSIONS = YES;
				CODE_SIGN_ENTITLEMENTS = RoohAlMuslimWidgets/RoohAlMuslimWidgets.entitlements;
				CODE_SIGN_STYLE = Automatic;
				CURRENT_PROJECT_VERSION = 1;
				DEVELOPMENT_TEAM = UDCBW35NWT;
				GENERATE_INFOPLIST_FILE = NO;
				INFOPLIST_FILE = RoohAlMuslimWidgets/Info.plist;
				IPHONEOS_DEPLOYMENT_TARGET = 16.1;
				LD_RUNPATH_SEARCH_PATHS = (
					"$(inherited)",
					"@executable_path/Frameworks",
					"@executable_path/../../Frameworks",
				);
				MARKETING_VERSION = 1.0;
				OTHER_SWIFT_FLAGS = "$(inherited) -D EXPO_CONFIGURATION_RELEASE";
				PRODUCT_BUNDLE_IDENTIFIER = com.rooh.almuslim.widgets;
				PRODUCT_NAME = RoohAlMuslimWidgets;
				SKIP_INSTALL = YES;
				SWIFT_VERSION = 5.0;
				TARGETED_DEVICE_FAMILY = "1,2";
			};
			name = Release;
		};
/* End XCBuildConfiguration section */

/* Begin XCConfigurationList section */
		13B07F931A680F5B00A75B9A /* Build configuration list for PBXNativeTarget "rwhalmslm" */ = {
			isa = XCConfigurationList;
			buildConfigurations = (
				13B07F941A680F5B00A75B9A /* Debug */,
				13B07F951A680F5B00A75B9A /* Release */,
			);
			defaultConfigurationIsVisible = 0;
			defaultConfigurationName = Release;
		};
		83CBB9FA1A601CBA00E9B192 /* Build configuration list for PBXProject "rwhalmslm" */ = {
			isa = XCConfigurationList;
			buildConfigurations = (
				83CBBA201A601CBA00E9B192 /* Debug */,
				83CBBA211A601CBA00E9B192 /* Release */,
			);
			defaultConfigurationIsVisible = 0;
			defaultConfigurationName = Release;
		};
		ED8B0499172A447DA80D13C8 /* Build configuration list for PBXNativeTarget "RoohAlMuslimWidgets" */ = {
			isa = XCConfigurationList;
			buildConfigurations = (
				4BCD1DC340CB4A44906CEF49 /* Debug */,
				DAB58FE012C344819BE77742 /* Release */,
			);
			defaultConfigurationIsVisible = 0;
			defaultConfigurationName = Release;
		};
/* End XCConfigurationList section */
	};
	rootObject = 83CBB9F71A601CBA00E9B192 /* Project object */;
}
